
Microsoft Visual Studio Solution File, Format Version 12.00
# Visual Studio Version 17
VisualStudioVersion = 17.11.35219.272
MinimumVisualStudioVersion = 10.0.40219.1
Project("{FAE04EC0-301F-11D3-BF4B-00C04F79EFBC}") = "ResumeBuilderWebApp", "ResumeBuilderWebApp.csproj", "{55D20A31-C965-4B88-99D2-334A027EA5DA}"
EndProject
Global
	GlobalSection(SolutionConfigurationPlatforms) = preSolution
		Debug|Any CPU = Debug|Any CPU
		Release|Any CPU = Release|Any CPU
	EndGlobalSection
	GlobalSection(ProjectConfigurationPlatforms) = postSolution
		{55D20A31-C965-4B88-99D2-334A027EA5DA}.Debug|Any CPU.ActiveCfg = Debug|Any CPU
		{55D20A31-C965-4B88-99D2-334A027EA5DA}.Debug|Any CPU.Build.0 = Debug|Any CPU
		{55D20A31-C965-4B88-99D2-334A027EA5DA}.Release|Any CPU.ActiveCfg = Release|Any CPU
		{55D20A31-C965-4B88-99D2-334A027EA5DA}.Release|Any CPU.Build.0 = Release|Any CPU
	EndGlobalSection
	GlobalSection(SolutionProperties) = preSolution
		HideSolutionNode = FALSE
	EndGlobalSection
	GlobalSection(ExtensibilityGlobals) = postSolution
		SolutionGuid = {D72C1C6B-ABDE-4825-9A1F-674B6B0FD1A9}
	EndGlobalSection
EndGlobal
